
Microsoft Visual Studio Solution File, Format Version 12.00
# Visual Studio Version 16
VisualStudioVersion = 16.0.33130.400
MinimumVisualStudioVersion = 10.0.40219.1
Project("{FAE04EC0-301F-11D3-BF4B-00C04F79EFBC}") = "menuTemplate", "menuTemplate\menuTemplate.csproj", "{4B5A6C95-0E84-4F0F-AFF4-D8C141E38896}"
EndProject
Global
	GlobalSection(SolutionConfigurationPlatforms) = preSolution
		Debug|Any CPU = Debug|Any CPU
		Release|Any CPU = Release|Any CPU
	EndGlobalSection
	GlobalSection(ProjectConfigurationPlatforms) = postSolution
		{4B5A6C95-0E84-4F0F-AFF4-D8C141E38896}.Debug|Any CPU.ActiveCfg = Debug|Any CPU
		{4B5A6C95-0E84-4F0F-AFF4-D8C141E38896}.Debug|Any CPU.Build.0 = Debug|Any CPU
		{4B5A6C95-0E84-4F0F-AFF4-D8C141E38896}.Release|Any CPU.ActiveCfg = Release|Any CPU
		{4B5A6C95-0E84-4F0F-AFF4-D8C141E38896}.Release|Any CPU.Build.0 = Release|Any CPU
	EndGlobalSection
	GlobalSection(SolutionProperties) = preSolution
		HideSolutionNode = FALSE
	EndGlobalSection
	GlobalSection(ExtensibilityGlobals) = postSolution
		SolutionGuid = {159C04DD-9127-431D-96BB-31D7FC6CBA87}
	EndGlobalSection
EndGlobal
